
Microsoft Visual Studio Solution File, Format Version 12.00
# Visual Studio 15
VisualStudioVersion = 15.0.27004.2002
MinimumVisualStudioVersion = 10.0.40219.1
Project("{FAE04EC0-301F-11D3-BF4B-00C04F79EFBC}") = "GeoVR.Server", "GeoVR.Server\GeoVR.Server.csproj", "{4FE669FF-0027-41C2-B1D1-35C5D6A9C651}"
EndProject
Project("{FAE04EC0-301F-11D3-BF4B-00C04F79EFBC}") = "OpusWrapper", "OpusWrapper\OpusWrapper.csproj", "{838BDB0B-5EB1-4C1E-9026-0A8842AC00C6}"
EndProject
Project("{FAE04EC0-301F-11D3-BF4B-00C04F79EFBC}") = "GeoVR.Client", "GeoVR.Client\GeoVR.Client.csproj", "{7B616149-1B4C-4580-9C9B-FC359E68E816}"
EndProject
Project("{FAE04EC0-301F-11D3-BF4B-00C04F79EFBC}") = "GeoVR.Shared", "GeoVR.Shared\GeoVR.Shared.csproj", "{D645095A-817A-45B1-8C26-2EBEA70A2CBE}"
EndProject
Project("{FAE04EC0-301F-11D3-BF4B-00C04F79EFBC}") = "GeoVR.Client.WPF", "GeoVR.Client.WPF\GeoVR.Client.WPF.csproj", "{F7830DD6-624C-4C39-8755-48E654314615}"
EndProject
Project("{FAE04EC0-301F-11D3-BF4B-00C04F79EFBC}") = "GeoVR.Server.ConsoleApp", "GeoVR.Server.ConsoleApp\GeoVR.Server.ConsoleApp.csproj", "{4DEF5F46-16E1-4D14-B62C-5B46F3D01BED}"
EndProject
Project("{FAE04EC0-301F-11D3-BF4B-00C04F79EFBC}") = "GeoVR.Client.Vatsim.WinForms", "GeoVR.Client.Vatsim.WinForms\GeoVR.Client.Vatsim.WinForms.csproj", "{C1D85EEF-B0D2-485E-ACA6-60CBC5D5515B}"
EndProject
Global
	GlobalSection(SolutionConfigurationPlatforms) = preSolution
		Debug|Any CPU = Debug|Any CPU
		Release|Any CPU = Release|Any CPU
	EndGlobalSection
	GlobalSection(ProjectConfigurationPlatforms) = postSolution
		{4FE669FF-0027-41C2-B1D1-35C5D6A9C651}.Debug|Any CPU.ActiveCfg = Debug|Any CPU
		{4FE669FF-0027-41C2-B1D1-35C5D6A9C651}.Debug|Any CPU.Build.0 = Debug|Any CPU
		{4FE669FF-0027-41C2-B1D1-35C5D6A9C651}.Release|Any CPU.ActiveCfg = Release|Any CPU
		{4FE669FF-0027-41C2-B1D1-35C5D6A9C651}.Release|Any CPU.Build.0 = Release|Any CPU
		{838BDB0B-5EB1-4C1E-9026-0A8842AC00C6}.Debug|Any CPU.ActiveCfg = Debug|Any CPU
		{838BDB0B-5EB1-4C1E-9026-0A8842AC00C6}.Debug|Any CPU.Build.0 = Debug|Any CPU
		{838BDB0B-5EB1-4C1E-9026-0A8842AC00C6}.Release|Any CPU.ActiveCfg = Release|Any CPU
		{838BDB0B-5EB1-4C1E-9026-0A8842AC00C6}.Release|Any CPU.Build.0 = Release|Any CPU
		{7B616149-1B4C-4580-9C9B-FC359E68E816}.Debug|Any CPU.ActiveCfg = Debug|Any CPU
		{7B616149-1B4C-4580-9C9B-FC359E68E816}.Debug|Any CPU.Build.0 = Debug|Any CPU
		{7B616149-1B4C-4580-9C9B-FC359E68E816}.Release|Any CPU.ActiveCfg = Release|Any CPU
		{7B616149-1B4C-4580-9C9B-FC359E68E816}.Release|Any CPU.Build.0 = Release|Any CPU
		{D645095A-817A-45B1-8C26-2EBEA70A2CBE}.Debug|Any CPU.ActiveCfg = Debug|Any CPU
		{D645095A-817A-45B1-8C26-2EBEA70A2CBE}.Debug|Any CPU.Build.0 = Debug|Any CPU
		{D645095A-817A-45B1-8C26-2EBEA70A2CBE}.Release|Any CPU.ActiveCfg = Release|Any CPU
		{D645095A-817A-45B1-8C26-2EBEA70A2CBE}.Release|Any CPU.Build.0 = Release|Any CPU
		{F7830DD6-624C-4C39-8755-48E654314615}.Debug|Any CPU.ActiveCfg = Debug|Any CPU
		{F7830DD6-624C-4C39-8755-48E654314615}.Debug|Any CPU.Build.0 = Debug|Any CPU
		{F7830DD6-624C-4C39-8755-48E654314615}.Release|Any CPU.ActiveCfg = Release|Any CPU
		{F7830DD6-624C-4C39-8755-48E654314615}.Release|Any CPU.Build.0 = Release|Any CPU
		{4DEF5F46-16E1-4D14-B62C-5B46F3D01BED}.Debug|Any CPU.ActiveCfg = Debug|Any CPU
		{4DEF5F46-16E1-4D14-B62C-5B46F3D01BED}.Debug|Any CPU.Build.0 = Debug|Any CPU
		{4DEF5F46-16E1-4D14-B62C-5B46F3D01BED}.Release|Any CPU.ActiveCfg = Release|Any CPU
		{4DEF5F46-16E1-4D14-B62C-5B46F3D01BED}.Release|Any CPU.Build.0 = Release|Any CPU
		{C1D85EEF-B0D2-485E-ACA6-60CBC5D5515B}.Debug|Any CPU.ActiveCfg = Debug|Any CPU
		{C1D85EEF-B0D2-485E-ACA6-60CBC5D5515B}.Debug|Any CPU.Build.0 = Debug|Any CPU
		{C1D85EEF-B0D2-485E-ACA6-60CBC5D5515B}.Release|Any CPU.ActiveCfg = Release|Any CPU
		{C1D85EEF-B0D2-485E-ACA6-60CBC5D5515B}.Release|Any CPU.Build.0 = Release|Any CPU
	EndGlobalSection
	GlobalSection(SolutionProperties) = preSolution
		HideSolutionNode = FALSE
	EndGlobalSection
	GlobalSection(ExtensibilityGlobals) = postSolution
		SolutionGuid = {A4845229-BD63-49B9-8B9F-309A65E56A0C}
	EndGlobalSection
EndGlobal
